
Microsoft Visual Studio Solution File, Format Version 12.00
# Visual Studio 15
VisualStudioVersion = 15.0.27703.2018
MinimumVisualStudioVersion = 10.0.40219.1
Project("{8BC9CEB8-8B4A-11D0-8D11-00A0C91BC942}") = "lab 18.1", "lab 18.1.vcxproj", "{82D13994-0D65-45CB-8723-1199EA06D612}"
EndProject
Global
	GlobalSection(SolutionConfigurationPlatforms) = preSolution
		Debug|x64 = Debug|x64
		Debug|x86 = Debug|x86
		Release|x64 = Release|x64
		Release|x86 = Release|x86
	EndGlobalSection
	GlobalSection(ProjectConfigurationPlatforms) = postSolution
		{82D13994-0D65-45CB-8723-1199EA06D612}.Debug|x64.ActiveCfg = Debug|x64
		{82D13994-0D65-45CB-8723-1199EA06D612}.Debug|x64.Build.0 = Debug|x64
		{82D13994-0D65-45CB-8723-1199EA06D612}.Debug|x86.ActiveCfg = Debug|Win32
		{82D13994-0D65-45CB-8723-1199EA06D612}.Debug|x86.Build.0 = Debug|Win32
		{82D13994-0D65-45CB-8723-1199EA06D612}.Release|x64.ActiveCfg = Release|x64
		{82D13994-0D65-45CB-8723-1199EA06D612}.Release|x64.Build.0 = Release|x64
		{82D13994-0D65-45CB-8723-1199EA06D612}.Release|x86.ActiveCfg = Release|Win32
		{82D13994-0D65-45CB-8723-1199EA06D612}.Release|x86.Build.0 = Release|Win32
	EndGlobalSection
	GlobalSection(SolutionProperties) = preSolution
		HideSolutionNode = FALSE
	EndGlobalSection
	GlobalSection(ExtensibilityGlobals) = postSolution
		SolutionGuid = {A08FFB77-98C3-4C4A-BAE3-96FD4BD84053}
	EndGlobalSection
EndGlobal
